PODS:
  - Kingfisher (3.4.0)
  - PromiseKit (4.1.7):
    - PromiseKit/Foundation (= 4.1.7)
    - PromiseKit/QuartzCore (= 4.1.7)
    - PromiseKit/UIKit (= 4.1.7)
  - PromiseKit/CorePromise (4.1.7)
  - PromiseKit/Foundation (4.1.7):
    - PromiseKit/CorePromise
  - PromiseKit/QuartzCore (4.1.7):
    - PromiseKit/CorePromise
  - PromiseKit/UIKit (4.1.7):
    - PromiseKit/CorePromise
  - RxCocoa (3.2.0):
    - RxSwift (~> 3.1)
  - RxSwift (3.2.0)
  - Socket.IO-Client-Swift (8.2.0)
  - WeDeploy (0.3.0):
    - PromiseKit (~> 4.0)
    - RxSwift (~> 3.0)
    - Socket.IO-Client-Swift (~> 8.1)
  - WZLBadge (1.2.5)

DEPENDENCIES:
  - Kingfisher
  - RxCocoa
  - WeDeploy (from `https://github.com/wedeploy/api-swift`)
  - WZLBadge

EXTERNAL SOURCES:
  WeDeploy:
    :git: https://github.com/wedeploy/api-swift

CHECKOUT OPTIONS:
  WeDeploy:
    :commit: ecb6c42aa270edfee758ce5ea2eae25f4f541ab4
    :git: https://github.com/wedeploy/api-swift

SPEC CHECKSUMS:
  Kingfisher: 5690cfb3d1bddf3a98d679a3a34d0b7294974ed2
  PromiseKit: 779f2e41faf62d854e7593026ddbcb0bb5c5002d
  RxCocoa: ccdf43101a70407097a29082f648ba1676075b30
  RxSwift: 46574f70d416b7923c237195939cc488a7fbf3a0
  Socket.IO-Client-Swift: 900cf511777045c80d1ce1f11f71261e87765dd1
  WeDeploy: 657c03a478c04101b371f8309681dd96d48e79da
  WZLBadge: 16c08aa0a645e2591690f21cbcb410a3d878c7ac

PODFILE CHECKSUM: 3f7bb9995d4ad6b724e08525f3894619bafcd0a0

COCOAPODS: 1.2.0
