// !$*UTF8*$!
{
	archiveVersion = 1;
	classes = {
	};
	objectVersion = 46;
	objects = {

/* Begin PBXBuildFile section */
		0B08A8AC1E33779D0036C171 /* WeFonts.swift in Sources */ = {isa = PBXBuildFile; fileRef = 0B08A8AB1E33779D0036C171 /* WeFonts.swift */; };
		0B08A8AE1E337CC30036C171 /* WeIcons.swift in Sources */ = {isa = PBXBuildFile; fileRef = 0B08A8AD1E337CC30036C171 /* WeIcons.swift */; };
		0B10F7041E2E196700030277 /* BaseListScreenletView.swift in Sources */ = {isa = PBXBuildFile; fileRef = 0B10F7031E2E196700030277 /* BaseListScreenletView.swift */; };
		0B1DD4AF1E2F4DCF00F145ED /* ViewWithArrow.swift in Sources */ = {isa = PBXBuildFile; fileRef = 0B1DD4AE1E2F4DCF00F145ED /* ViewWithArrow.swift */; };
		0B1DD4B11E2F65ED00F145ED /* UserPortraitScreenlet.swift in Sources */ = {isa = PBXBuildFile; fileRef = 0B1DD4B01E2F65ED00F145ED /* UserPortraitScreenlet.swift */; };
		0B1DD4B31E2F664A00F145ED /* GetCurrentUserInteractor.swift in Sources */ = {isa = PBXBuildFile; fileRef = 0B1DD4B21E2F664A00F145ED /* GetCurrentUserInteractor.swift */; };
		0B1DD4B51E2F69DA00F145ED /* WeUserPortraitScreenletView.swift in Sources */ = {isa = PBXBuildFile; fileRef = 0B1DD4B41E2F69DA00F145ED /* WeUserPortraitScreenletView.swift */; };
		0B1DD4B71E2F69E700F145ED /* WeUserPortraitScreenletView.xib in Resources */ = {isa = PBXBuildFile; fileRef = 0B1DD4B61E2F69E700F145ED /* WeUserPortraitScreenletView.xib */; };
		0B52540C1E30D2A3000227CE /* Product.swift in Sources */ = {isa = PBXBuildFile; fileRef = 0B52540B1E30D2A3000227CE /* Product.swift */; };
		0B52540E1E30D383000227CE /* ShopCart.swift in Sources */ = {isa = PBXBuildFile; fileRef = 0B52540D1E30D383000227CE /* ShopCart.swift */; };
		0B5254121E30FCD4000227CE /* loop_icons_16px.ttf in Resources */ = {isa = PBXBuildFile; fileRef = 0B5254111E30FCD4000227CE /* loop_icons_16px.ttf */; };
		0B5254141E30FF1F000227CE /* LogoutInteractor.swift in Sources */ = {isa = PBXBuildFile; fileRef = 0B5254131E30FF1F000227CE /* LogoutInteractor.swift */; };
		0B5254161E3111C5000227CE /* Stepper.swift in Sources */ = {isa = PBXBuildFile; fileRef = 0B5254151E3111C5000227CE /* Stepper.swift */; };
		0B60AAA91E31F2AE0044B1AF /* CartViewController.swift in Sources */ = {isa = PBXBuildFile; fileRef = 0B60AAA81E31F2AE0044B1AF /* CartViewController.swift */; };
		0B60AAAB1E321E950044B1AF /* CartScreenlet.swift in Sources */ = {isa = PBXBuildFile; fileRef = 0B60AAAA1E321E950044B1AF /* CartScreenlet.swift */; };
		0B60AAAD1E321F030044B1AF /* WeCartScreenletView.swift in Sources */ = {isa = PBXBuildFile; fileRef = 0B60AAAC1E321F030044B1AF /* WeCartScreenletView.swift */; };
		0B60AAAF1E321F1B0044B1AF /* WeCartScreenletView.xib in Resources */ = {isa = PBXBuildFile; fileRef = 0B60AAAE1E321F1B0044B1AF /* WeCartScreenletView.xib */; };
		0B60AAB21E322C570044B1AF /* CartItemCell.swift in Sources */ = {isa = PBXBuildFile; fileRef = 0B60AAB01E322C570044B1AF /* CartItemCell.swift */; };
		0B60AAB31E322C570044B1AF /* CartItemCell.xib in Resources */ = {isa = PBXBuildFile; fileRef = 0B60AAB11E322C570044B1AF /* CartItemCell.xib */; };
		0B6776441E2CC7500089C466 /* MainViewController.swift in Sources */ = {isa = PBXBuildFile; fileRef = 0B6776431E2CC7500089C466 /* MainViewController.swift */; };
		0B7724C81E2621E100913DA1 /* WeColors.swift in Sources */ = {isa = PBXBuildFile; fileRef = 0B7724C71E2621E100913DA1 /* WeColors.swift */; };
		0B7724CC1E26446F00913DA1 /* DismissKeyboardView.swift in Sources */ = {isa = PBXBuildFile; fileRef = 0B7724CB1E26446F00913DA1 /* DismissKeyboardView.swift */; };
		0B7724CE1E26697800913DA1 /* loop_icons_12px.ttf in Resources */ = {isa = PBXBuildFile; fileRef = 0B7724CD1E26697800913DA1 /* loop_icons_12px.ttf */; };
		0B7724D01E266F1700913DA1 /* FloatingView.swift in Sources */ = {isa = PBXBuildFile; fileRef = 0B7724CF1E266F1700913DA1 /* FloatingView.swift */; };
		0B9053371E29453F007D41B3 /* SignUpViewController.swift in Sources */ = {isa = PBXBuildFile; fileRef = 0B9053361E29453F007D41B3 /* SignUpViewController.swift */; };
		0B9053391E2AA445007D41B3 /* CheckEmailInteractor.swift in Sources */ = {isa = PBXBuildFile; fileRef = 0B9053381E2AA445007D41B3 /* CheckEmailInteractor.swift */; };
		0B9F61431E2CFA2A00DF43D0 /* LoadDataInteractor.swift in Sources */ = {isa = PBXBuildFile; fileRef = 0B9F61421E2CFA2A00DF43D0 /* LoadDataInteractor.swift */; };
		0B9F61451E2D240900DF43D0 /* DataListScreenlet.swift in Sources */ = {isa = PBXBuildFile; fileRef = 0B9F61441E2D240900DF43D0 /* DataListScreenlet.swift */; };
		0B9F61471E2D253400DF43D0 /* WeDataListScreenletView.swift in Sources */ = {isa = PBXBuildFile; fileRef = 0B9F61461E2D253400DF43D0 /* WeDataListScreenletView.swift */; };
		0B9F61491E2D258300DF43D0 /* WeDataListScreenletView.xib in Resources */ = {isa = PBXBuildFile; fileRef = 0B9F61481E2D258300DF43D0 /* WeDataListScreenletView.xib */; };
		0B9F614C1E2D315A00DF43D0 /* ProductCell.swift in Sources */ = {isa = PBXBuildFile; fileRef = 0B9F614A1E2D315A00DF43D0 /* ProductCell.swift */; };
		0B9F614D1E2D315A00DF43D0 /* ProductCell.xib in Resources */ = {isa = PBXBuildFile; fileRef = 0B9F614B1E2D315A00DF43D0 /* ProductCell.xib */; };
		0BA9F4811E2779CE00082427 /* WeProviderButton.swift in Sources */ = {isa = PBXBuildFile; fileRef = 0BA9F4801E2779CE00082427 /* WeProviderButton.swift */; };
		0BA9F4831E27A53600082427 /* IntialViewController.swift in Sources */ = {isa = PBXBuildFile; fileRef = 0BA9F4821E27A53600082427 /* IntialViewController.swift */; };
		0BCF55AD1E1E470600404C0F /* AppDelegate.swift in Sources */ = {isa = PBXBuildFile; fileRef = 0BCF55AC1E1E470600404C0F /* AppDelegate.swift */; };
		0BCF55AF1E1E470600404C0F /* LoginViewController.swift in Sources */ = {isa = PBXBuildFile; fileRef = 0BCF55AE1E1E470600404C0F /* LoginViewController.swift */; };
		0BCF55B21E1E470600404C0F /* Main.storyboard in Resources */ = {isa = PBXBuildFile; fileRef = 0BCF55B01E1E470600404C0F /* Main.storyboard */; };
		0BCF55B41E1E470600404C0F /* Assets.xcassets in Resources */ = {isa = PBXBuildFile; fileRef = 0BCF55B31E1E470600404C0F /* Assets.xcassets */; };
		0BCF55B71E1E470600404C0F /* LaunchScreen.storyboard in Resources */ = {isa = PBXBuildFile; fileRef = 0BCF55B51E1E470600404C0F /* LaunchScreen.storyboard */; };
		0BE0FA871E35266E00A84FFD /* ScreensSettings.swift in Sources */ = {isa = PBXBuildFile; fileRef = 0BE0FA861E35266E00A84FFD /* ScreensSettings.swift */; };
		0BE0FA891E352C8100A84FFD /* screens-config.plist in Resources */ = {isa = PBXBuildFile; fileRef = 0BE0FA881E352C8100A84FFD /* screens-config.plist */; };
		0BE0FA8B1E3532F500A84FFD /* SendEmailInteractor.swift in Sources */ = {isa = PBXBuildFile; fileRef = 0BE0FA8A1E3532F500A84FFD /* SendEmailInteractor.swift */; };
		0BE1F8C41E2AB0D000D80B08 /* CreateUserInteractor.swift in Sources */ = {isa = PBXBuildFile; fileRef = 0BE1F8C31E2AB0D000D80B08 /* CreateUserInteractor.swift */; };
		0BF06B791E27D5260040B010 /* SpanButton.swift in Sources */ = {isa = PBXBuildFile; fileRef = 0BF06B781E27D5260040B010 /* SpanButton.swift */; };
		0BF06B7B1E27E0620040B010 /* ForgotPasswordScreenlet.swift in Sources */ = {isa = PBXBuildFile; fileRef = 0BF06B7A1E27E0620040B010 /* ForgotPasswordScreenlet.swift */; };
		0BF06B7D1E27E1340040B010 /* ForgotPasswordInteractor.swift in Sources */ = {isa = PBXBuildFile; fileRef = 0BF06B7C1E27E1340040B010 /* ForgotPasswordInteractor.swift */; };
		0BF06B7F1E27E2AF0040B010 /* WeForgotPasswordScreenletView.swift in Sources */ = {isa = PBXBuildFile; fileRef = 0BF06B7E1E27E2AF0040B010 /* WeForgotPasswordScreenletView.swift */; };
		0BF06B811E27E2CA0040B010 /* WeForgotPasswordScreenletView.xib in Resources */ = {isa = PBXBuildFile; fileRef = 0BF06B801E27E2CA0040B010 /* WeForgotPasswordScreenletView.xib */; };
		0BF06B831E27E65D0040B010 /* WeBackButton.swift in Sources */ = {isa = PBXBuildFile; fileRef = 0BF06B821E27E65D0040B010 /* WeBackButton.swift */; };
		0BF06B851E27F0360040B010 /* ForgotPasswordViewController.swift in Sources */ = {isa = PBXBuildFile; fileRef = 0BF06B841E27F0360040B010 /* ForgotPasswordViewController.swift */; };
		0BF73C591E24DB4C00D07BAB /* BaseScreenlet.swift in Sources */ = {isa = PBXBuildFile; fileRef = 0BF73C551E24DB4C00D07BAB /* BaseScreenlet.swift */; };
		0BF73C5A1E24DB4C00D07BAB /* BaseScreenletView.swift in Sources */ = {isa = PBXBuildFile; fileRef = 0BF73C561E24DB4C00D07BAB /* BaseScreenletView.swift */; };
		0BF73C5B1E24DB4C00D07BAB /* Interactor.swift in Sources */ = {isa = PBXBuildFile; fileRef = 0BF73C571E24DB4C00D07BAB /* Interactor.swift */; };
		0BF73C5C1E24DB4C00D07BAB /* ScreenletWarehouse.swift in Sources */ = {isa = PBXBuildFile; fileRef = 0BF73C581E24DB4C00D07BAB /* ScreenletWarehouse.swift */; };
		0BF73C621E24DB5300D07BAB /* LoginInteractor.swift in Sources */ = {isa = PBXBuildFile; fileRef = 0BF73C5F1E24DB5300D07BAB /* LoginInteractor.swift */; };
		0BF73C631E24DB5300D07BAB /* LoginWithProviderInteractor.swift in Sources */ = {isa = PBXBuildFile; fileRef = 0BF73C601E24DB5300D07BAB /* LoginWithProviderInteractor.swift */; };
		0BF73C641E24DB5300D07BAB /* LoginScreenlet.swift in Sources */ = {isa = PBXBuildFile; fileRef = 0BF73C611E24DB5300D07BAB /* LoginScreenlet.swift */; };
		0BF73C681E24DB5B00D07BAB /* WeLoginScreenletView.swift in Sources */ = {isa = PBXBuildFile; fileRef = 0BF73C661E24DB5B00D07BAB /* WeLoginScreenletView.swift */; };
		0BF73C691E24DB5B00D07BAB /* WeLoginScreenletView.xib in Resources */ = {isa = PBXBuildFile; fileRef = 0BF73C671E24DB5B00D07BAB /* WeLoginScreenletView.xib */; };
		0BF7EBD71E28E5BF00883CD0 /* WeSignUpScreenletView.swift in Sources */ = {isa = PBXBuildFile; fileRef = 0BF7EBD61E28E5BF00883CD0 /* WeSignUpScreenletView.swift */; };
		0BF7EBD91E28E5D700883CD0 /* WeSignUpScreenletView.xib in Resources */ = {isa = PBXBuildFile; fileRef = 0BF7EBD81E28E5D700883CD0 /* WeSignUpScreenletView.xib */; };
		0BF7EBDB1E28E6FA00883CD0 /* SignUpScreenlet.swift in Sources */ = {isa = PBXBuildFile; fileRef = 0BF7EBDA1E28E6FA00883CD0 /* SignUpScreenlet.swift */; };
		0BF7EBDC1E28EE7800883CD0 /* Info.plist in Resources */ = {isa = PBXBuildFile; fileRef = 0BCF55B81E1E470600404C0F /* Info.plist */; };
		0BF7EBE01E28EEF700883CD0 /* rene_bieder_galano_grotesque_bold.otf in Resources */ = {isa = PBXBuildFile; fileRef = 0BF7EBDD1E28EEF700883CD0 /* rene_bieder_galano_grotesque_bold.otf */; };
		0BF7EBE11E28EEF700883CD0 /* rene_bieder_galano_grotesque_medium.otf in Resources */ = {isa = PBXBuildFile; fileRef = 0BF7EBDE1E28EEF700883CD0 /* rene_bieder_galano_grotesque_medium.otf */; };
		0BF7EBE21E28EEF700883CD0 /* rene_bieder_galano_grotesque_semibold.otf in Resources */ = {isa = PBXBuildFile; fileRef = 0BF7EBDF1E28EEF700883CD0 /* rene_bieder_galano_grotesque_semibold.otf */; };
		0BFC76A81E24FC51000E5BA4 /* LoginInteractorInput.swift in Sources */ = {isa = PBXBuildFile; fileRef = 0BFC76A71E24FC51000E5BA4 /* LoginInteractorInput.swift */; };
		0BFC76AA1E252E08000E5BA4 /* WeTextField.swift in Sources */ = {isa = PBXBuildFile; fileRef = 0BFC76A91E252E08000E5BA4 /* WeTextField.swift */; };
		0BFC76AC1E254201000E5BA4 /* WeColorButton.swift in Sources */ = {isa = PBXBuildFile; fileRef = 0BFC76AB1E254201000E5BA4 /* WeColorButton.swift */; };
		1B920553338BE9B7A703281C /* Pods_WeDeployApp.framework in Frameworks */ = {isa = PBXBuildFile; fileRef = 3CB4D711B8A2345AE7495C70 /* Pods_WeDeployApp.framework */; };
/* End PBXBuildFile section */

/* Begin PBXFileReference section */
		0B08A8AB1E33779D0036C171 /* WeFonts.swift */ = {isa = PBXFileReference; fileEncoding = 4; lastKnownFileType = sourcecode.swift; path = WeFonts.swift; sourceTree = "<group>"; };
		0B08A8AD1E337CC30036C171 /* WeIcons.swift */ = {isa = PBXFileReference; fileEncoding = 4; lastKnownFileType = sourcecode.swift; path = WeIcons.swift; sourceTree = "<group>"; };
		0B10F7031E2E196700030277 /* BaseListScreenletView.swift */ = {isa = PBXFileReference; fileEncoding = 4; lastKnownFileType = sourcecode.swift; path = BaseListScreenletView.swift; sourceTree = "<group>"; };
		0B1DD4AE1E2F4DCF00F145ED /* ViewWithArrow.swift */ = {isa = PBXFileReference; fileEncoding = 4; lastKnownFileType = sourcecode.swift; path = ViewWithArrow.swift; sourceTree = "<group>"; };
		0B1DD4B01E2F65ED00F145ED /* UserPortraitScreenlet.swift */ = {isa = PBXFileReference; fileEncoding = 4; lastKnownFileType = sourcecode.swift; path = UserPortraitScreenlet.swift; sourceTree = "<group>"; };
		0B1DD4B21E2F664A00F145ED /* GetCurrentUserInteractor.swift */ = {isa = PBXFileReference; fileEncoding = 4; lastKnownFileType = sourcecode.swift; path = GetCurrentUserInteractor.swift; sourceTree = "<group>"; };
		0B1DD4B41E2F69DA00F145ED /* WeUserPortraitScreenletView.swift */ = {isa = PBXFileReference; fileEncoding = 4; lastKnownFileType = sourcecode.swift; path = WeUserPortraitScreenletView.swift; sourceTree = "<group>"; };
		0B1DD4B61E2F69E700F145ED /* WeUserPortraitScreenletView.xib */ = {isa = PBXFileReference; fileEncoding = 4; lastKnownFileType = file.xib; path = WeUserPortraitScreenletView.xib; sourceTree = "<group>"; };
		0B52540B1E30D2A3000227CE /* Product.swift */ = {isa = PBXFileReference; fileEncoding = 4; lastKnownFileType = sourcecode.swift; path = Product.swift; sourceTree = "<group>"; };
		0B52540D1E30D383000227CE /* ShopCart.swift */ = {isa = PBXFileReference; fileEncoding = 4; lastKnownFileType = sourcecode.swift; path = ShopCart.swift; sourceTree = "<group>"; };
		0B5254111E30FCD4000227CE /* loop_icons_16px.ttf */ = {isa = PBXFileReference; lastKnownFileType = file; path = loop_icons_16px.ttf; sourceTree = "<group>"; };
		0B5254131E30FF1F000227CE /* LogoutInteractor.swift */ = {isa = PBXFileReference; fileEncoding = 4; lastKnownFileType = sourcecode.swift; path = LogoutInteractor.swift; sourceTree = "<group>"; };
		0B5254151E3111C5000227CE /* Stepper.swift */ = {isa = PBXFileReference; fileEncoding = 4; lastKnownFileType = sourcecode.swift; path = Stepper.swift; sourceTree = "<group>"; };
		0B60AAA81E31F2AE0044B1AF /* CartViewController.swift */ = {isa = PBXFileReference; fileEncoding = 4; lastKnownFileType = sourcecode.swift; path = CartViewController.swift; sourceTree = "<group>"; };
		0B60AAAA1E321E950044B1AF /* CartScreenlet.swift */ = {isa = PBXFileReference; fileEncoding = 4; lastKnownFileType = sourcecode.swift; path = CartScreenlet.swift; sourceTree = "<group>"; };
		0B60AAAC1E321F030044B1AF /* WeCartScreenletView.swift */ = {isa = PBXFileReference; fileEncoding = 4; lastKnownFileType = sourcecode.swift; path = WeCartScreenletView.swift; sourceTree = "<group>"; };
		0B60AAAE1E321F1B0044B1AF /* WeCartScreenletView.xib */ = {isa = PBXFileReference; fileEncoding = 4; lastKnownFileType = file.xib; path = WeCartScreenletView.xib; sourceTree = "<group>"; };
		0B60AAB01E322C570044B1AF /* CartItemCell.swift */ = {isa = PBXFileReference; fileEncoding = 4; lastKnownFileType = sourcecode.swift; path = CartItemCell.swift; sourceTree = "<group>"; };
		0B60AAB11E322C570044B1AF /* CartItemCell.xib */ = {isa = PBXFileReference; fileEncoding = 4; lastKnownFileType = file.xib; path = CartItemCell.xib; sourceTree = "<group>"; };
		0B6776431E2CC7500089C466 /* MainViewController.swift */ = {isa = PBXFileReference; fileEncoding = 4; lastKnownFileType = sourcecode.swift; path = MainViewController.swift; sourceTree = "<group>"; };
		0B7724C71E2621E100913DA1 /* WeColors.swift */ = {isa = PBXFileReference; fileEncoding = 4; lastKnownFileType = sourcecode.swift; path = WeColors.swift; sourceTree = "<group>"; };
		0B7724CB1E26446F00913DA1 /* DismissKeyboardView.swift */ = {isa = PBXFileReference; fileEncoding = 4; lastKnownFileType = sourcecode.swift; path = DismissKeyboardView.swift; sourceTree = "<group>"; };
		0B7724CD1E26697800913DA1 /* loop_icons_12px.ttf */ = {isa = PBXFileReference; lastKnownFileType = file; path = loop_icons_12px.ttf; sourceTree = "<group>"; };
		0B7724CF1E266F1700913DA1 /* FloatingView.swift */ = {isa = PBXFileReference; fileEncoding = 4; lastKnownFileType = sourcecode.swift; path = FloatingView.swift; sourceTree = "<group>"; };
		0B9053361E29453F007D41B3 /* SignUpViewController.swift */ = {isa = PBXFileReference; fileEncoding = 4; lastKnownFileType = sourcecode.swift; path = SignUpViewController.swift; sourceTree = "<group>"; };
		0B9053381E2AA445007D41B3 /* CheckEmailInteractor.swift */ = {isa = PBXFileReference; fileEncoding = 4; lastKnownFileType = sourcecode.swift; path = CheckEmailInteractor.swift; sourceTree = "<group>"; };
		0B9F61421E2CFA2A00DF43D0 /* LoadDataInteractor.swift */ = {isa = PBXFileReference; fileEncoding = 4; lastKnownFileType = sourcecode.swift; path = LoadDataInteractor.swift; sourceTree = "<group>"; };
		0B9F61441E2D240900DF43D0 /* DataListScreenlet.swift */ = {isa = PBXFileReference; fileEncoding = 4; lastKnownFileType = sourcecode.swift; path = DataListScreenlet.swift; sourceTree = "<group>"; };
		0B9F61461E2D253400DF43D0 /* WeDataListScreenletView.swift */ = {isa = PBXFileReference; fileEncoding = 4; lastKnownFileType = sourcecode.swift; path = WeDataListScreenletView.swift; sourceTree = "<group>"; };
		0B9F61481E2D258300DF43D0 /* WeDataListScreenletView.xib */ = {isa = PBXFileReference; fileEncoding = 4; lastKnownFileType = file.xib; path = WeDataListScreenletView.xib; sourceTree = "<group>"; };
		0B9F614A1E2D315A00DF43D0 /* ProductCell.swift */ = {isa = PBXFileReference; fileEncoding = 4; lastKnownFileType = sourcecode.swift; path = ProductCell.swift; sourceTree = "<group>"; };
		0B9F614B1E2D315A00DF43D0 /* ProductCell.xib */ = {isa = PBXFileReference; fileEncoding = 4; lastKnownFileType = file.xib; path = ProductCell.xib; sourceTree = "<group>"; };
		0BA9F4801E2779CE00082427 /* WeProviderButton.swift */ = {isa = PBXFileReference; fileEncoding = 4; lastKnownFileType = sourcecode.swift; path = WeProviderButton.swift; sourceTree = "<group>"; };
		0BA9F4821E27A53600082427 /* IntialViewController.swift */ = {isa = PBXFileReference; fileEncoding = 4; lastKnownFileType = sourcecode.swift; path = IntialViewController.swift; sourceTree = "<group>"; };
		0BCF55A91E1E470600404C0F /* WeDeployApp.app */ = {isa = PBXFileReference; explicitFileType = wrapper.application; includeInIndex = 0; path = WeDeployApp.app; sourceTree = BUILT_PRODUCTS_DIR; };
		0BCF55AC1E1E470600404C0F /* AppDelegate.swift */ = {isa = PBXFileReference; lastKnownFileType = sourcecode.swift; path = AppDelegate.swift; sourceTree = "<group>"; };
		0BCF55AE1E1E470600404C0F /* LoginViewController.swift */ = {isa = PBXFileReference; lastKnownFileType = sourcecode.swift; path = LoginViewController.swift; sourceTree = "<group>"; };
		0BCF55B11E1E470600404C0F /* Base */ = {isa = PBXFileReference; lastKnownFileType = file.storyboard; name = Base; path = Base.lproj/Main.storyboard; sourceTree = "<group>"; };
		0BCF55B31E1E470600404C0F /* Assets.xcassets */ = {isa = PBXFileReference; lastKnownFileType = folder.assetcatalog; path = Assets.xcassets; sourceTree = "<group>"; };
		0BCF55B61E1E470600404C0F /* Base */ = {isa = PBXFileReference; lastKnownFileType = file.storyboard; name = Base; path = Base.lproj/LaunchScreen.storyboard; sourceTree = "<group>"; };
		0BCF55B81E1E470600404C0F /* Info.plist */ = {isa = PBXFileReference; lastKnownFileType = text.plist.xml; path = Info.plist; sourceTree = "<group>"; };
		0BE0FA861E35266E00A84FFD /* ScreensSettings.swift */ = {isa = PBXFileReference; fileEncoding = 4; lastKnownFileType = sourcecode.swift; path = ScreensSettings.swift; sourceTree = "<group>"; };
		0BE0FA881E352C8100A84FFD /* screens-config.plist */ = {isa = PBXFileReference; fileEncoding = 4; lastKnownFileType = text.plist.xml; path = "screens-config.plist"; sourceTree = "<group>"; };
		0BE0FA8A1E3532F500A84FFD /* SendEmailInteractor.swift */ = {isa = PBXFileReference; fileEncoding = 4; lastKnownFileType = sourcecode.swift; path = SendEmailInteractor.swift; sourceTree = "<group>"; };
		0BE1F8C31E2AB0D000D80B08 /* CreateUserInteractor.swift */ = {isa = PBXFileReference; fileEncoding = 4; lastKnownFileType = sourcecode.swift; path = CreateUserInteractor.swift; sourceTree = "<group>"; };
		0BF06B781E27D5260040B010 /* SpanButton.swift */ = {isa = PBXFileReference; fileEncoding = 4; lastKnownFileType = sourcecode.swift; path = SpanButton.swift; sourceTree = "<group>"; };
		0BF06B7A1E27E0620040B010 /* ForgotPasswordScreenlet.swift */ = {isa = PBXFileReference; fileEncoding = 4; lastKnownFileType = sourcecode.swift; path = ForgotPasswordScreenlet.swift; sourceTree = "<group>"; };
		0BF06B7C1E27E1340040B010 /* ForgotPasswordInteractor.swift */ = {isa = PBXFileReference; fileEncoding = 4; lastKnownFileType = sourcecode.swift; path = ForgotPasswordInteractor.swift; sourceTree = "<group>"; };
		0BF06B7E1E27E2AF0040B010 /* WeForgotPasswordScreenletView.swift */ = {isa = PBXFileReference; fileEncoding = 4; lastKnownFileType = sourcecode.swift; path = WeForgotPasswordScreenletView.swift; sourceTree = "<group>"; };
		0BF06B801E27E2CA0040B010 /* WeForgotPasswordScreenletView.xib */ = {isa = PBXFileReference; fileEncoding = 4; lastKnownFileType = file.xib; path = WeForgotPasswordScreenletView.xib; sourceTree = "<group>"; };
		0BF06B821E27E65D0040B010 /* WeBackButton.swift */ = {isa = PBXFileReference; fileEncoding = 4; lastKnownFileType = sourcecode.swift; path = WeBackButton.swift; sourceTree = "<group>"; };
		0BF06B841E27F0360040B010 /* ForgotPasswordViewController.swift */ = {isa = PBXFileReference; fileEncoding = 4; lastKnownFileType = sourcecode.swift; path = ForgotPasswordViewController.swift; sourceTree = "<group>"; };
		0BF73C551E24DB4C00D07BAB /* BaseScreenlet.swift */ = {isa = PBXFileReference; fileEncoding = 4; lastKnownFileType = sourcecode.swift; path = BaseScreenlet.swift; sourceTree = "<group>"; };
		0BF73C561E24DB4C00D07BAB /* BaseScreenletView.swift */ = {isa = PBXFileReference; fileEncoding = 4; lastKnownFileType = sourcecode.swift; path = BaseScreenletView.swift; sourceTree = "<group>"; };
		0BF73C571E24DB4C00D07BAB /* Interactor.swift */ = {isa = PBXFileReference; fileEncoding = 4; lastKnownFileType = sourcecode.swift; path = Interactor.swift; sourceTree = "<group>"; };
		0BF73C581E24DB4C00D07BAB /* ScreenletWarehouse.swift */ = {isa = PBXFileReference; fileEncoding = 4; lastKnownFileType = sourcecode.swift; path = ScreenletWarehouse.swift; sourceTree = "<group>"; };
		0BF73C5F1E24DB5300D07BAB /* LoginInteractor.swift */ = {isa = PBXFileReference; fileEncoding = 4; lastKnownFileType = sourcecode.swift; path = LoginInteractor.swift; sourceTree = "<group>"; };
		0BF73C601E24DB5300D07BAB /* LoginWithProviderInteractor.swift */ = {isa = PBXFileReference; fileEncoding = 4; lastKnownFileType = sourcecode.swift; path = LoginWithProviderInteractor.swift; sourceTree = "<group>"; };
		0BF73C611E24DB5300D07BAB /* LoginScreenlet.swift */ = {isa = PBXFileReference; fileEncoding = 4; lastKnownFileType = sourcecode.swift; path = LoginScreenlet.swift; sourceTree = "<group>"; };
		0BF73C661E24DB5B00D07BAB /* WeLoginScreenletView.swift */ = {isa = PBXFileReference; fileEncoding = 4; lastKnownFileType = sourcecode.swift; path = WeLoginScreenletView.swift; sourceTree = "<group>"; };
		0BF73C671E24DB5B00D07BAB /* WeLoginScreenletView.xib */ = {isa = PBXFileReference; fileEncoding = 4; lastKnownFileType = file.xib; path = WeLoginScreenletView.xib; sourceTree = "<group>"; };
		0BF7EBD61E28E5BF00883CD0 /* WeSignUpScreenletView.swift */ = {isa = PBXFileReference; fileEncoding = 4; lastKnownFileType = sourcecode.swift; path = WeSignUpScreenletView.swift; sourceTree = "<group>"; };
		0BF7EBD81E28E5D700883CD0 /* WeSignUpScreenletView.xib */ = {isa = PBXFileReference; fileEncoding = 4; lastKnownFileType = file.xib; path = WeSignUpScreenletView.xib; sourceTree = "<group>"; };
		0BF7EBDA1E28E6FA00883CD0 /* SignUpScreenlet.swift */ = {isa = PBXFileReference; fileEncoding = 4; lastKnownFileType = sourcecode.swift; path = SignUpScreenlet.swift; sourceTree = "<group>"; };
		0BF7EBDD1E28EEF700883CD0 /* rene_bieder_galano_grotesque_bold.otf */ = {isa = PBXFileReference; lastKnownFileType = file; path = rene_bieder_galano_grotesque_bold.otf; sourceTree = "<group>"; };
		0BF7EBDE1E28EEF700883CD0 /* rene_bieder_galano_grotesque_medium.otf */ = {isa = PBXFileReference; lastKnownFileType = file; path = rene_bieder_galano_grotesque_medium.otf; sourceTree = "<group>"; };
		0BF7EBDF1E28EEF700883CD0 /* rene_bieder_galano_grotesque_semibold.otf */ = {isa = PBXFileReference; lastKnownFileType = file; path = rene_bieder_galano_grotesque_semibold.otf; sourceTree = "<group>"; };
		0BFC76A71E24FC51000E5BA4 /* LoginInteractorInput.swift */ = {isa = PBXFileReference; fileEncoding = 4; lastKnownFileType = sourcecode.swift; path = LoginInteractorInput.swift; sourceTree = "<group>"; };
		0BFC76A91E252E08000E5BA4 /* WeTextField.swift */ = {isa = PBXFileReference; fileEncoding = 4; lastKnownFileType = sourcecode.swift; path = WeTextField.swift; sourceTree = "<group>"; };
		0BFC76AB1E254201000E5BA4 /* WeColorButton.swift */ = {isa = PBXFileReference; fileEncoding = 4; lastKnownFileType = sourcecode.swift; path = WeColorButton.swift; sourceTree = "<group>"; };
		3CB4D711B8A2345AE7495C70 /* Pods_WeDeployApp.framework */ = {isa = PBXFileReference; explicitFileType = wrapper.framework; includeInIndex = 0; path = Pods_WeDeployApp.framework; sourceTree = BUILT_PRODUCTS_DIR; };
		9D8ABC9A8EBF5701FB046735 /* Pods-WeDeployApp.debug.xcconfig */ = {isa = PBXFileReference; includeInIndex = 1; lastKnownFileType = text.xcconfig; name = "Pods-WeDeployApp.debug.xcconfig"; path = "Pods/Target Support Files/Pods-WeDeployApp/Pods-WeDeployApp.debug.xcconfig"; sourceTree = "<group>"; };
		D3C014196B76C62ABA11506D /* Pods-WeDeployApp.release.xcconfig */ = {isa = PBXFileReference; includeInIndex = 1; lastKnownFileType = text.xcconfig; name = "Pods-WeDeployApp.release.xcconfig"; path = "Pods/Target Support Files/Pods-WeDeployApp/Pods-WeDeployApp.release.xcconfig"; sourceTree = "<group>"; };
/* End PBXFileReference section */

/* Begin PBXFrameworksBuildPhase section */
		0BCF55A61E1E470600404C0F /* Frameworks */ = {
			isa = PBXFrameworksBuildPhase;
			buildActionMask = 2147483647;
			files = (
				1B920553338BE9B7A703281C /* Pods_WeDeployApp.framework in Frameworks */,
			);
			runOnlyForDeploymentPostprocessing = 0;
		};
/* End PBXFrameworksBuildPhase section */

/* Begin PBXGroup section */
		076110FDA23CBF3A01CBA273 /* Frameworks */ = {
			isa = PBXGroup;
			children = (
				3CB4D711B8A2345AE7495C70 /* Pods_WeDeployApp.framework */,
			);
			name = Frameworks;
			sourceTree = "<group>";
		};
		0B52540A1E30D297000227CE /* Models */ = {
			isa = PBXGroup;
			children = (
				0B52540B1E30D2A3000227CE /* Product.swift */,
				0B52540D1E30D383000227CE /* ShopCart.swift */,
			);
			path = Models;
			sourceTree = "<group>";
		};
		0B7724C61E2621D600913DA1 /* Extensions */ = {
			isa = PBXGroup;
			children = (
				0B7724C71E2621E100913DA1 /* WeColors.swift */,
				0B7724CB1E26446F00913DA1 /* DismissKeyboardView.swift */,
				0B08A8AB1E33779D0036C171 /* WeFonts.swift */,
				0B08A8AD1E337CC30036C171 /* WeIcons.swift */,
			);
			path = Extensions;
			sourceTree = "<group>";
		};
		0B7724C91E26289A00913DA1 /* Resources */ = {
			isa = PBXGroup;
			children = (
				0B7724CA1E2628CC00913DA1 /* Fonts */,
			);
			path = Resources;
			sourceTree = "<group>";
		};
		0B7724CA1E2628CC00913DA1 /* Fonts */ = {
			isa = PBXGroup;
			children = (
				0BF7EBDD1E28EEF700883CD0 /* rene_bieder_galano_grotesque_bold.otf */,
				0BF7EBDE1E28EEF700883CD0 /* rene_bieder_galano_grotesque_medium.otf */,
				0BF7EBDF1E28EEF700883CD0 /* rene_bieder_galano_grotesque_semibold.otf */,
				0B5254111E30FCD4000227CE /* loop_icons_16px.ttf */,
				0B7724CD1E26697800913DA1 /* loop_icons_12px.ttf */,
			);
			path = Fonts;
			sourceTree = "<group>";
		};
		0BCF55A01E1E470600404C0F = {
			isa = PBXGroup;
			children = (
				0BCF55AB1E1E470600404C0F /* WeDeployApp */,
				0BCF55AA1E1E470600404C0F /* Products */,
				BBCE930C754D42F3823EAF75 /* Pods */,
				076110FDA23CBF3A01CBA273 /* Frameworks */,
			);
			sourceTree = "<group>";
		};
		0BCF55AA1E1E470600404C0F /* Products */ = {
			isa = PBXGroup;
			children = (
				0BCF55A91E1E470600404C0F /* WeDeployApp.app */,
			);
			name = Products;
			sourceTree = "<group>";
		};
		0BCF55AB1E1E470600404C0F /* WeDeployApp */ = {
			isa = PBXGroup;
			children = (
				0B7724C91E26289A00913DA1 /* Resources */,
				0BF73C5D1E24DB5300D07BAB /* Screenlets */,
				0BF73C541E24DB4C00D07BAB /* Core */,
				0B7724C61E2621D600913DA1 /* Extensions */,
				0B52540A1E30D297000227CE /* Models */,
				0BF73C651E24DB5B00D07BAB /* Views */,
				0BCF55AC1E1E470600404C0F /* AppDelegate.swift */,
				0BCF55AE1E1E470600404C0F /* LoginViewController.swift */,
				0BCF55B01E1E470600404C0F /* Main.storyboard */,
				0BCF55B31E1E470600404C0F /* Assets.xcassets */,
				0BCF55B51E1E470600404C0F /* LaunchScreen.storyboard */,
				0BCF55B81E1E470600404C0F /* Info.plist */,
				0BA9F4821E27A53600082427 /* IntialViewController.swift */,
				0BF06B841E27F0360040B010 /* ForgotPasswordViewController.swift */,
				0B9053361E29453F007D41B3 /* SignUpViewController.swift */,
				0B6776431E2CC7500089C466 /* MainViewController.swift */,
				0B60AAA81E31F2AE0044B1AF /* CartViewController.swift */,
				0BE0FA881E352C8100A84FFD /* screens-config.plist */,
			);
			path = WeDeployApp;
			sourceTree = "<group>";
		};
		0BF73C541E24DB4C00D07BAB /* Core */ = {
			isa = PBXGroup;
			children = (
				0BF73C551E24DB4C00D07BAB /* BaseScreenlet.swift */,
				0BF73C561E24DB4C00D07BAB /* BaseScreenletView.swift */,
				0BF73C571E24DB4C00D07BAB /* Interactor.swift */,
				0BF73C581E24DB4C00D07BAB /* ScreenletWarehouse.swift */,
				0B10F7031E2E196700030277 /* BaseListScreenletView.swift */,
				0BE0FA861E35266E00A84FFD /* ScreensSettings.swift */,
			);
			path = Core;
			sourceTree = "<group>";
		};
		0BF73C5D1E24DB5300D07BAB /* Screenlets */ = {
			isa = PBXGroup;
			children = (
				0BF73C5E1E24DB5300D07BAB /* Interactors */,
				0BF73C611E24DB5300D07BAB /* LoginScreenlet.swift */,
				0BF06B7A1E27E0620040B010 /* ForgotPasswordScreenlet.swift */,
				0BF7EBDA1E28E6FA00883CD0 /* SignUpScreenlet.swift */,
				0B9F61441E2D240900DF43D0 /* DataListScreenlet.swift */,
				0B1DD4B01E2F65ED00F145ED /* UserPortraitScreenlet.swift */,
				0B60AAAA1E321E950044B1AF /* CartScreenlet.swift */,
			);
			path = Screenlets;
			sourceTree = "<group>";
		};
		0BF73C5E1E24DB5300D07BAB /* Interactors */ = {
			isa = PBXGroup;
			children = (
				0BF73C5F1E24DB5300D07BAB /* LoginInteractor.swift */,
				0BF73C601E24DB5300D07BAB /* LoginWithProviderInteractor.swift */,
				0BFC76A71E24FC51000E5BA4 /* LoginInteractorInput.swift */,
				0BF06B7C1E27E1340040B010 /* ForgotPasswordInteractor.swift */,
				0B9053381E2AA445007D41B3 /* CheckEmailInteractor.swift */,
				0BE1F8C31E2AB0D000D80B08 /* CreateUserInteractor.swift */,
				0B9F61421E2CFA2A00DF43D0 /* LoadDataInteractor.swift */,
				0B1DD4B21E2F664A00F145ED /* GetCurrentUserInteractor.swift */,
				0B5254131E30FF1F000227CE /* LogoutInteractor.swift */,
				0BE0FA8A1E3532F500A84FFD /* SendEmailInteractor.swift */,
			);
			path = Interactors;
			sourceTree = "<group>";
		};
		0BF73C651E24DB5B00D07BAB /* Views */ = {
			isa = PBXGroup;
			children = (
				0BF73C661E24DB5B00D07BAB /* WeLoginScreenletView.swift */,
				0BF73C671E24DB5B00D07BAB /* WeLoginScreenletView.xib */,
				0BFC76A91E252E08000E5BA4 /* WeTextField.swift */,
				0BFC76AB1E254201000E5BA4 /* WeColorButton.swift */,
				0B7724CF1E266F1700913DA1 /* FloatingView.swift */,
				0BA9F4801E2779CE00082427 /* WeProviderButton.swift */,
				0BF06B781E27D5260040B010 /* SpanButton.swift */,
				0BF06B7E1E27E2AF0040B010 /* WeForgotPasswordScreenletView.swift */,
				0BF06B801E27E2CA0040B010 /* WeForgotPasswordScreenletView.xib */,
				0BF06B821E27E65D0040B010 /* WeBackButton.swift */,
				0BF7EBD61E28E5BF00883CD0 /* WeSignUpScreenletView.swift */,
				0BF7EBD81E28E5D700883CD0 /* WeSignUpScreenletView.xib */,
				0B9F61461E2D253400DF43D0 /* WeDataListScreenletView.swift */,
				0B9F61481E2D258300DF43D0 /* WeDataListScreenletView.xib */,
				0B9F614A1E2D315A00DF43D0 /* ProductCell.swift */,
				0B9F614B1E2D315A00DF43D0 /* ProductCell.xib */,
				0B1DD4AE1E2F4DCF00F145ED /* ViewWithArrow.swift */,
				0B1DD4B41E2F69DA00F145ED /* WeUserPortraitScreenletView.swift */,
				0B1DD4B61E2F69E700F145ED /* WeUserPortraitScreenletView.xib */,
				0B5254151E3111C5000227CE /* Stepper.swift */,
				0B60AAAC1E321F030044B1AF /* WeCartScreenletView.swift */,
				0B60AAAE1E321F1B0044B1AF /* WeCartScreenletView.xib */,
				0B60AAB01E322C570044B1AF /* CartItemCell.swift */,
				0B60AAB11E322C570044B1AF /* CartItemCell.xib */,
			);
			path = Views;
			sourceTree = "<group>";
		};
		BBCE930C754D42F3823EAF75 /* Pods */ = {
			isa = PBXGroup;
			children = (
				9D8ABC9A8EBF5701FB046735 /* Pods-WeDeployApp.debug.xcconfig */,
				D3C014196B76C62ABA11506D /* Pods-WeDeployApp.release.xcconfig */,
			);
			name = Pods;
			sourceTree = "<group>";
		};
/* End PBXGroup section */

/* Begin PBXNativeTarget section */
		0BCF55A81E1E470600404C0F /* WeDeployApp */ = {
			isa = PBXNativeTarget;
			buildConfigurationList = 0BCF55BB1E1E470600404C0F /* Build configuration list for PBXNativeTarget "WeDeployApp" */;
			buildPhases = (
				4546E5C6883AFD5EC48B96A6 /* [CP] Check Pods Manifest.lock */,
				0BCF55A51E1E470600404C0F /* Sources */,
				0BCF55A61E1E470600404C0F /* Frameworks */,
				0BCF55A71E1E470600404C0F /* Resources */,
				DEB2AD5CA1449AC2A23F46ED /* [CP] Embed Pods Frameworks */,
				DC66AB004F97D7C54BC7A9D1 /* [CP] Copy Pods Resources */,
			);
			buildRules = (
			);
			dependencies = (
			);
			name = WeDeployApp;
			productName = WeDeployApp;
			productReference = 0BCF55A91E1E470600404C0F /* WeDeployApp.app */;
			productType = "com.apple.product-type.application";
		};
/* End PBXNativeTarget section */

/* Begin PBXProject section */
		0BCF55A11E1E470600404C0F /* Project object */ = {
			isa = PBXProject;
			attributes = {
				LastSwiftUpdateCheck = 0820;
				LastUpgradeCheck = 0820;
				ORGANIZATIONNAME = liferay;
				TargetAttributes = {
					0BCF55A81E1E470600404C0F = {
						CreatedOnToolsVersion = 8.2.1;
						ProvisioningStyle = Automatic;
					};
				};
			};
			buildConfigurationList = 0BCF55A41E1E470600404C0F /* Build configuration list for PBXProject "WeDeployApp" */;
			compatibilityVersion = "Xcode 3.2";
			developmentRegion = English;
			hasScannedForEncodings = 0;
			knownRegions = (
				en,
				Base,
			);
			mainGroup = 0BCF55A01E1E470600404C0F;
			productRefGroup = 0BCF55AA1E1E470600404C0F /* Products */;
			projectDirPath = "";
			projectRoot = "";
			targets = (
				0BCF55A81E1E470600404C0F /* WeDeployApp */,
			);
		};
/* End PBXProject section */

/* Begin PBXResourcesBuildPhase section */
		0BCF55A71E1E470600404C0F /* Resources */ = {
			isa = PBXResourcesBuildPhase;
			buildActionMask = 2147483647;
			files = (
				0B1DD4B71E2F69E700F145ED /* WeUserPortraitScreenletView.xib in Resources */,
				0BCF55B71E1E470600404C0F /* LaunchScreen.storyboard in Resources */,
				0BF06B811E27E2CA0040B010 /* WeForgotPasswordScreenletView.xib in Resources */,
				0BF7EBD91E28E5D700883CD0 /* WeSignUpScreenletView.xib in Resources */,
				0BF7EBE01E28EEF700883CD0 /* rene_bieder_galano_grotesque_bold.otf in Resources */,
				0BCF55B41E1E470600404C0F /* Assets.xcassets in Resources */,
				0B9F61491E2D258300DF43D0 /* WeDataListScreenletView.xib in Resources */,
				0BF7EBE21E28EEF700883CD0 /* rene_bieder_galano_grotesque_semibold.otf in Resources */,
				0B7724CE1E26697800913DA1 /* loop_icons_12px.ttf in Resources */,
				0B9F614D1E2D315A00DF43D0 /* ProductCell.xib in Resources */,
				0BF73C691E24DB5B00D07BAB /* WeLoginScreenletView.xib in Resources */,
				0BF7EBDC1E28EE7800883CD0 /* Info.plist in Resources */,
				0BE0FA891E352C8100A84FFD /* screens-config.plist in Resources */,
				0BF7EBE11E28EEF700883CD0 /* rene_bieder_galano_grotesque_medium.otf in Resources */,
				0B5254121E30FCD4000227CE /* loop_icons_16px.ttf in Resources */,
				0B60AAB31E322C570044B1AF /* CartItemCell.xib in Resources */,
				0B60AAAF1E321F1B0044B1AF /* WeCartScreenletView.xib in Resources */,
				0BCF55B21E1E470600404C0F /* Main.storyboard in Resources */,
			);
			runOnlyForDeploymentPostprocessing = 0;
		};
/* End PBXResourcesBuildPhase section */

/* Begin PBXShellScriptBuildPhase section */
		4546E5C6883AFD5EC48B96A6 /* [CP] Check Pods Manifest.lock */ = {
			isa = PBXShellScriptBuildPhase;
			buildActionMask = 2147483647;
			files = (
			);
			inputPaths = (
			);
			name = "[CP] Check Pods Manifest.lock";
			outputPaths = (
			);
			runOnlyForDeploymentPostprocessing = 0;
			shellPath = /bin/sh;
			shellScript = "diff \"${PODS_ROOT}/../Podfile.lock\" \"${PODS_ROOT}/Manifest.lock\" > /dev/null\nif [ $? != 0 ] ; then\n    # print error to STDERR\n    echo \"error: The sandbox is not in sync with the Podfile.lock. Run 'pod install' or update your CocoaPods installation.\" >&2\n    exit 1\nfi\n";
			showEnvVarsInLog = 0;
		};
		DC66AB004F97D7C54BC7A9D1 /* [CP] Copy Pods Resources */ = {
			isa = PBXShellScriptBuildPhase;
			buildActionMask = 2147483647;
			files = (
			);
			inputPaths = (
			);
			name = "[CP] Copy Pods Resources";
			outputPaths = (
			);
			runOnlyForDeploymentPostprocessing = 0;
			shellPath = /bin/sh;
			shellScript = "\"${SRCROOT}/Pods/Target Support Files/Pods-WeDeployApp/Pods-WeDeployApp-resources.sh\"\n";
			showEnvVarsInLog = 0;
		};
		DEB2AD5CA1449AC2A23F46ED /* [CP] Embed Pods Frameworks */ = {
			isa = PBXShellScriptBuildPhase;
			buildActionMask = 2147483647;
			files = (
			);
			inputPaths = (
			);
			name = "[CP] Embed Pods Frameworks";
			outputPaths = (
			);
			runOnlyForDeploymentPostprocessing = 0;
			shellPath = /bin/sh;
			shellScript = "\"${SRCROOT}/Pods/Target Support Files/Pods-WeDeployApp/Pods-WeDeployApp-frameworks.sh\"\n";
			showEnvVarsInLog = 0;
		};
/* End PBXShellScriptBuildPhase section */

/* Begin PBXSourcesBuildPhase section */
		0BCF55A51E1E470600404C0F /* Sources */ = {
			isa = PBXSourcesBuildPhase;
			buildActionMask = 2147483647;
			files = (
				0B7724CC1E26446F00913DA1 /* DismissKeyboardView.swift in Sources */,
				0BF7EBDB1E28E6FA00883CD0 /* SignUpScreenlet.swift in Sources */,
				0B5254141E30FF1F000227CE /* LogoutInteractor.swift in Sources */,
				0B60AAB21E322C570044B1AF /* CartItemCell.swift in Sources */,
				0BE0FA871E35266E00A84FFD /* ScreensSettings.swift in Sources */,
				0BFC76A81E24FC51000E5BA4 /* LoginInteractorInput.swift in Sources */,
				0BF06B831E27E65D0040B010 /* WeBackButton.swift in Sources */,
				0BCF55AF1E1E470600404C0F /* LoginViewController.swift in Sources */,
				0BF06B791E27D5260040B010 /* SpanButton.swift in Sources */,
				0B9053371E29453F007D41B3 /* SignUpViewController.swift in Sources */,
				0BF7EBD71E28E5BF00883CD0 /* WeSignUpScreenletView.swift in Sources */,
				0B1DD4AF1E2F4DCF00F145ED /* ViewWithArrow.swift in Sources */,
				0BF73C5A1E24DB4C00D07BAB /* BaseScreenletView.swift in Sources */,
				0B6776441E2CC7500089C466 /* MainViewController.swift in Sources */,
				0B52540E1E30D383000227CE /* ShopCart.swift in Sources */,
				0BF06B7B1E27E0620040B010 /* ForgotPasswordScreenlet.swift in Sources */,
				0BF73C621E24DB5300D07BAB /* LoginInteractor.swift in Sources */,
				0BF06B851E27F0360040B010 /* ForgotPasswordViewController.swift in Sources */,
				0BE1F8C41E2AB0D000D80B08 /* CreateUserInteractor.swift in Sources */,
				0BA9F4811E2779CE00082427 /* WeProviderButton.swift in Sources */,
				0B9F61431E2CFA2A00DF43D0 /* LoadDataInteractor.swift in Sources */,
				0B08A8AE1E337CC30036C171 /* WeIcons.swift in Sources */,
				0B52540C1E30D2A3000227CE /* Product.swift in Sources */,
				0B1DD4B31E2F664A00F145ED /* GetCurrentUserInteractor.swift in Sources */,
				0BF73C641E24DB5300D07BAB /* LoginScreenlet.swift in Sources */,
				0B5254161E3111C5000227CE /* Stepper.swift in Sources */,
				0B10F7041E2E196700030277 /* BaseListScreenletView.swift in Sources */,
				0B7724C81E2621E100913DA1 /* WeColors.swift in Sources */,
				0B60AAAB1E321E950044B1AF /* CartScreenlet.swift in Sources */,
				0B1DD4B51E2F69DA00F145ED /* WeUserPortraitScreenletView.swift in Sources */,
				0BF06B7D1E27E1340040B010 /* ForgotPasswordInteractor.swift in Sources */,
				0B9F61451E2D240900DF43D0 /* DataListScreenlet.swift in Sources */,
				0BF73C5B1E24DB4C00D07BAB /* Interactor.swift in Sources */,
				0BFC76AC1E254201000E5BA4 /* WeColorButton.swift in Sources */,
				0BF73C5C1E24DB4C00D07BAB /* ScreenletWarehouse.swift in Sources */,
				0B9F61471E2D253400DF43D0 /* WeDataListScreenletView.swift in Sources */,
				0BF73C681E24DB5B00D07BAB /* WeLoginScreenletView.swift in Sources */,
				0B7724D01E266F1700913DA1 /* FloatingView.swift in Sources */,
				0BF06B7F1E27E2AF0040B010 /* WeForgotPasswordScreenletView.swift in Sources */,
				0B9053391E2AA445007D41B3 /* CheckEmailInteractor.swift in Sources */,
				0BF73C631E24DB5300D07BAB /* LoginWithProviderInteractor.swift in Sources */,
				0B1DD4B11E2F65ED00F145ED /* UserPortraitScreenlet.swift in Sources */,
				0B9F614C1E2D315A00DF43D0 /* ProductCell.swift in Sources */,
				0B60AAAD1E321F030044B1AF /* WeCartScreenletView.swift in Sources */,
				0BCF55AD1E1E470600404C0F /* AppDelegate.swift in Sources */,
				0BE0FA8B1E3532F500A84FFD /* SendEmailInteractor.swift in Sources */,
				0B60AAA91E31F2AE0044B1AF /* CartViewController.swift in Sources */,
				0BA9F4831E27A53600082427 /* IntialViewController.swift in Sources */,
				0BFC76AA1E252E08000E5BA4 /* WeTextField.swift in Sources */,
				0B08A8AC1E33779D0036C171 /* WeFonts.swift in Sources */,
				0BF73C591E24DB4C00D07BAB /* BaseScreenlet.swift in Sources */,
			);
			runOnlyForDeploymentPostprocessing = 0;
		};
/* End PBXSourcesBuildPhase section */

/* Begin PBXVariantGroup section */
		0BCF55B01E1E470600404C0F /* Main.storyboard */ = {
			isa = PBXVariantGroup;
			children = (
				0BCF55B11E1E470600404C0F /* Base */,
			);
			name = Main.storyboard;
			sourceTree = "<group>";
		};
		0BCF55B51E1E470600404C0F /* LaunchScreen.storyboard */ = {
			isa = PBXVariantGroup;
			children = (
				0BCF55B61E1E470600404C0F /* Base */,
			);
			name = LaunchScreen.storyboard;
			sourceTree = "<group>";
		};
/* End PBXVariantGroup section */

/* Begin XCBuildConfiguration section */
		0BCF55B91E1E470600404C0F /* Debug */ = {
			isa = XCBuildConfiguration;
			buildSettings = {
				ALWAYS_SEARCH_USER_PATHS = NO;
				CLANG_ANALYZER_NONNULL = YES;
				CLANG_CXX_LANGUAGE_STANDARD = "gnu++0x";
				CLANG_CXX_LIBRARY = "libc++";
				CLANG_ENABLE_MODULES = YES;
				CLANG_ENABLE_OBJC_ARC = YES;
				CLANG_WARN_BOOL_CONVERSION = YES;
				CLANG_WARN_CONSTANT_CONVERSION = YES;
				CLANG_WARN_DIRECT_OBJC_ISA_USAGE = YES_ERROR;
				CLANG_WARN_DOCUMENTATION_COMMENTS = YES;
				CLANG_WARN_EMPTY_BODY = YES;
				CLANG_WARN_ENUM_CONVERSION = YES;
				CLANG_WARN_INFINITE_RECURSION = YES;
				CLANG_WARN_INT_CONVERSION = YES;
				CLANG_WARN_OBJC_ROOT_CLASS = YES_ERROR;
				CLANG_WARN_SUSPICIOUS_MOVE = YES;
				CLANG_WARN_UNREACHABLE_CODE = YES;
				CLANG_WARN__DUPLICATE_METHOD_MATCH = YES;
				"CODE_SIGN_IDENTITY[sdk=iphoneos*]" = "iPhone Developer";
				COPY_PHASE_STRIP = NO;
				DEBUG_INFORMATION_FORMAT = dwarf;
				ENABLE_STRICT_OBJC_MSGSEND = YES;
				ENABLE_TESTABILITY = YES;
				GCC_C_LANGUAGE_STANDARD = gnu99;
				GCC_DYNAMIC_NO_PIC = NO;
				GCC_NO_COMMON_BLOCKS = YES;
				GCC_OPTIMIZATION_LEVEL = 0;
				GCC_PREPROCESSOR_DEFINITIONS = (
					"DEBUG=1",
					"$(inherited)",
				);
				GCC_WARN_64_TO_32_BIT_CONVERSION = YES;
				GCC_WARN_ABOUT_RETURN_TYPE = YES_ERROR;
				GCC_WARN_UNDECLARED_SELECTOR = YES;
				GCC_WARN_UNINITIALIZED_AUTOS = YES_AGGRESSIVE;
				GCC_WARN_UNUSED_FUNCTION = YES;
				GCC_WARN_UNUSED_VARIABLE = YES;
				IPHONEOS_DEPLOYMENT_TARGET = 10.2;
				MTL_ENABLE_DEBUG_INFO = YES;
				ONLY_ACTIVE_ARCH = YES;
				SDKROOT = iphoneos;
				SWIFT_ACTIVE_COMPILATION_CONDITIONS = DEBUG;
				SWIFT_OPTIMIZATION_LEVEL = "-Onone";
			};
			name = Debug;
		};
		0BCF55BA1E1E470600404C0F /* Release */ = {
			isa = XCBuildConfiguration;
			buildSettings = {
				ALWAYS_SEARCH_USER_PATHS = NO;
				CLANG_ANALYZER_NONNULL = YES;
				CLANG_CXX_LANGUAGE_STANDARD = "gnu++0x";
				CLANG_CXX_LIBRARY = "libc++";
				CLANG_ENABLE_MODULES = YES;
				CLANG_ENABLE_OBJC_ARC = YES;
				CLANG_WARN_BOOL_CONVERSION = YES;
				CLANG_WARN_CONSTANT_CONVERSION = YES;
				CLANG_WARN_DIRECT_OBJC_ISA_USAGE = YES_ERROR;
				CLANG_WARN_DOCUMENTATION_COMMENTS = YES;
				CLANG_WARN_EMPTY_BODY = YES;
				CLANG_WARN_ENUM_CONVERSION = YES;
				CLANG_WARN_INFINITE_RECURSION = YES;
				CLANG_WARN_INT_CONVERSION = YES;
				CLANG_WARN_OBJC_ROOT_CLASS = YES_ERROR;
				CLANG_WARN_SUSPICIOUS_MOVE = YES;
				CLANG_WARN_UNREACHABLE_CODE = YES;
				CLANG_WARN__DUPLICATE_METHOD_MATCH = YES;
				"CODE_SIGN_IDENTITY[sdk=iphoneos*]" = "iPhone Developer";
				COPY_PHASE_STRIP = NO;
				DEBUG_INFORMATION_FORMAT = "dwarf-with-dsym";
				ENABLE_NS_ASSERTIONS = NO;
				ENABLE_STRICT_OBJC_MSGSEND = YES;
				GCC_C_LANGUAGE_STANDARD = gnu99;
				GCC_NO_COMMON_BLOCKS = YES;
				GCC_WARN_64_TO_32_BIT_CONVERSION = YES;
				GCC_WARN_ABOUT_RETURN_TYPE = YES_ERROR;
				GCC_WARN_UNDECLARED_SELECTOR = YES;
				GCC_WARN_UNINITIALIZED_AUTOS = YES_AGGRESSIVE;
				GCC_WARN_UNUSED_FUNCTION = YES;
				GCC_WARN_UNUSED_VARIABLE = YES;
				IPHONEOS_DEPLOYMENT_TARGET = 10.2;
				MTL_ENABLE_DEBUG_INFO = NO;
				SDKROOT = iphoneos;
				SWIFT_OPTIMIZATION_LEVEL = "-Owholemodule";
				VALIDATE_PRODUCT = YES;
			};
			name = Release;
		};
		0BCF55BC1E1E470600404C0F /* Debug */ = {
			isa = XCBuildConfiguration;
			baseConfigurationReference = 9D8ABC9A8EBF5701FB046735 /* Pods-WeDeployApp.debug.xcconfig */;
			buildSettings = {
				ALWAYS_EMBED_SWIFT_STANDARD_LIBRARIES = YES;
				ASSETCATALOG_COMPILER_APPICON_NAME = AppIcon;
				INFOPLIST_FILE = WeDeployApp/Info.plist;
				IPHONEOS_DEPLOYMENT_TARGET = 10.2;
				LD_RUNPATH_SEARCH_PATHS = "$(inherited) @executable_path/Frameworks";
				PRODUCT_BUNDLE_IDENTIFIER = com.liferay.WeDeployApp;
				PRODUCT_NAME = "$(TARGET_NAME)";
				SWIFT_OPTIMIZATION_LEVEL = "-Onone";
				SWIFT_VERSION = 3.0;
			};
			name = Debug;
		};
		0BCF55BD1E1E470600404C0F /* Release */ = {
			isa = XCBuildConfiguration;
			baseConfigurationReference = D3C014196B76C62ABA11506D /* Pods-WeDeployApp.release.xcconfig */;
			buildSettings = {
				ALWAYS_EMBED_SWIFT_STANDARD_LIBRARIES = YES;
				ASSETCATALOG_COMPILER_APPICON_NAME = AppIcon;
				INFOPLIST_FILE = WeDeployApp/Info.plist;
				IPHONEOS_DEPLOYMENT_TARGET = 10.2;
				LD_RUNPATH_SEARCH_PATHS = "$(inherited) @executable_path/Frameworks";
				PRODUCT_BUNDLE_IDENTIFIER = com.liferay.WeDeployApp;
				PRODUCT_NAME = "$(TARGET_NAME)";
				SWIFT_OPTIMIZATION_LEVEL = "-Onone";
				SWIFT_VERSION = 3.0;
			};
			name = Release;
		};
/* End XCBuildConfiguration section */

/* Begin XCConfigurationList section */
		0BCF55A41E1E470600404C0F /* Build configuration list for PBXProject "WeDeployApp" */ = {
			isa = XCConfigurationList;
			buildConfigurations = (
				0BCF55B91E1E470600404C0F /* Debug */,
				0BCF55BA1E1E470600404C0F /* Release */,
			);
			defaultConfigurationIsVisible = 0;
			defaultConfigurationName = Release;
		};
		0BCF55BB1E1E470600404C0F /* Build configuration list for PBXNativeTarget "WeDeployApp" */ = {
			isa = XCConfigurationList;
			buildConfigurations = (
				0BCF55BC1E1E470600404C0F /* Debug */,
				0BCF55BD1E1E470600404C0F /* Release */,
			);
			defaultConfigurationIsVisible = 0;
			defaultConfigurationName = Release;
		};
/* End XCConfigurationList section */
	};
	rootObject = 0BCF55A11E1E470600404C0F /* Project object */;
}
